// !$*UTF8*$!
{
	archiveVersion = 1;
	classes = {
	};
	objectVersion = 56;
	objects = {

/* Begin PBXBuildFile section */
		8F86B2CE2BE3D30D00CFCE82 /* SpecificToProblem.c in Sources */ = {isa = PBXBuildFile; fileRef = 8F86B2C72BE3D30D00CFCE82 /* SpecificToProblem.c */; };
		8F86B2CF2BE3D30D00CFCE82 /* HashTable.c in Sources */ = {isa = PBXBuildFile; fileRef = 8F86B2C82BE3D30D00CFCE82 /* HashTable.c */; };
		8F86B2D02BE3D30D00CFCE82 /* Standart_Search.c in Sources */ = {isa = PBXBuildFile; fileRef = 8F86B2CC2BE3D30D00CFCE82 /* Standart_Search.c */; };
		8F86B2D12BE3D30D00CFCE82 /* GRAPH_SEARCH.c in Sources */ = {isa = PBXBuildFile; fileRef = 8F86B2CD2BE3D30D00CFCE82 /* GRAPH_SEARCH.c */; };
/* End PBXBuildFile section */

/* Begin PBXCopyFilesBuildPhase section */
		8F86B2BB2BE3D2A100CFCE82 /* CopyFiles */ = {
			isa = PBXCopyFilesBuildPhase;
			buildActionMask = 2147483647;
			dstPath = /usr/share/man/man1/;
			dstSubfolderSpec = 0;
			files = (
			);
			runOnlyForDeploymentPostprocessing = 1;
		};
/* End PBXCopyFilesBuildPhase section */

/* Begin PBXFileReference section */
		8F86B2BD2BE3D2A100CFCE82 /* YapayZekaProjeOdevi */ = {isa = PBXFileReference; explicitFileType = "compiled.mach-o.executable"; includeInIndex = 0; path = YapayZekaProjeOdevi; sourceTree = BUILT_PRODUCTS_DIR; };
		8F86B2C72BE3D30D00CFCE82 /* SpecificToProblem.c */ = {isa = PBXFileReference; fileEncoding = 4; lastKnownFileType = sourcecode.c.c; path = SpecificToProblem.c; sourceTree = "<group>"; };
		8F86B2C82BE3D30D00CFCE82 /* HashTable.c */ = {isa = PBXFileReference; fileEncoding = 4; lastKnownFileType = sourcecode.c.c; path = HashTable.c; sourceTree = "<group>"; };
		8F86B2C92BE3D30D00CFCE82 /* HashTable.h */ = {isa = PBXFileReference; fileEncoding = 4; lastKnownFileType = sourcecode.c.h; path = HashTable.h; sourceTree = "<group>"; };
		8F86B2CA2BE3D30D00CFCE82 /* GRAPH_SEARCH.h */ = {isa = PBXFileReference; fileEncoding = 4; lastKnownFileType = sourcecode.c.h; path = GRAPH_SEARCH.h; sourceTree = "<group>"; };
		8F86B2CB2BE3D30D00CFCE82 /* data_types.h */ = {isa = PBXFileReference; fileEncoding = 4; lastKnownFileType = sourcecode.c.h; path = data_types.h; sourceTree = "<group>"; };
		8F86B2CC2BE3D30D00CFCE82 /* Standart_Search.c */ = {isa = PBXFileReference; fileEncoding = 4; lastKnownFileType = sourcecode.c.c; path = Standart_Search.c; sourceTree = "<group>"; };
		8F86B2CD2BE3D30D00CFCE82 /* GRAPH_SEARCH.c */ = {isa = PBXFileReference; fileEncoding = 4; lastKnownFileType = sourcecode.c.c; path = GRAPH_SEARCH.c; sourceTree = "<group>"; };
/* End PBXFileReference section */

/* Begin PBXFrameworksBuildPhase section */
		8F86B2BA2BE3D2A100CFCE82 /* Frameworks */ = {
			isa = PBXFrameworksBuildPhase;
			buildActionMask = 2147483647;
			files = (
			);
			runOnlyForDeploymentPostprocessing = 0;
		};
/* End PBXFrameworksBuildPhase section */

/* Begin PBXGroup section */
		8F86B2B42BE3D2A100CFCE82 = {
			isa = PBXGroup;
			children = (
				8F86B2BF2BE3D2A100CFCE82 /* YapayZekaProjeOdevi */,
				8F86B2BE2BE3D2A100CFCE82 /* Products */,
			);
			sourceTree = "<group>";
		};
		8F86B2BE2BE3D2A100CFCE82 /* Products */ = {
			isa = PBXGroup;
			children = (
				8F86B2BD2BE3D2A100CFCE82 /* YapayZekaProjeOdevi */,
			);
			name = Products;
			sourceTree = "<group>";
		};
		8F86B2BF2BE3D2A100CFCE82 /* YapayZekaProjeOdevi */ = {
			isa = PBXGroup;
			children = (
				8F86B2CB2BE3D30D00CFCE82 /* data_types.h */,
				8F86B2CD2BE3D30D00CFCE82 /* GRAPH_SEARCH.c */,
				8F86B2CA2BE3D30D00CFCE82 /* GRAPH_SEARCH.h */,
				8F86B2C82BE3D30D00CFCE82 /* HashTable.c */,
				8F86B2C92BE3D30D00CFCE82 /* HashTable.h */,
				8F86B2C72BE3D30D00CFCE82 /* SpecificToProblem.c */,
				8F86B2CC2BE3D30D00CFCE82 /* Standart_Search.c */,
			);
			path = YapayZekaProjeOdevi;
			sourceTree = "<group>";
		};
/* End PBXGroup section */

/* Begin PBXNativeTarget section */
		8F86B2BC2BE3D2A100CFCE82 /* YapayZekaProjeOdevi */ = {
			isa = PBXNativeTarget;
			buildConfigurationList = 8F86B2C42BE3D2A100CFCE82 /* Build configuration list for PBXNativeTarget "YapayZekaProjeOdevi" */;
			buildPhases = (
				8F86B2B92BE3D2A100CFCE82 /* Sources */,
				8F86B2BA2BE3D2A100CFCE82 /* Frameworks */,
				8F86B2BB2BE3D2A100CFCE82 /* CopyFiles */,
			);
			buildRules = (
			);
			dependencies = (
			);
			name = YapayZekaProjeOdevi;
			productName = YapayZekaProjeOdevi;
			productReference = 8F86B2BD2BE3D2A100CFCE82 /* YapayZekaProjeOdevi */;
			productType = "com.apple.product-type.tool";
		};
/* End PBXNativeTarget section */

/* Begin PBXProject section */
		8F86B2B52BE3D2A100CFCE82 /* Project object */ = {
			isa = PBXProject;
			attributes = {
				BuildIndependentTargetsInParallel = 1;
				LastUpgradeCheck = 1500;
				TargetAttributes = {
					8F86B2BC2BE3D2A100CFCE82 = {
						CreatedOnToolsVersion = 15.0.1;
					};
				};
			};
			buildConfigurationList = 8F86B2B82BE3D2A100CFCE82 /* Build configuration list for PBXProject "YapayZekaProjeOdevi" */;
			compatibilityVersion = "Xcode 14.0";
			developmentRegion = en;
			hasScannedForEncodings = 0;
			knownRegions = (
				en,
				Base,
			);
			mainGroup = 8F86B2B42BE3D2A100CFCE82;
			productRefGroup = 8F86B2BE2BE3D2A100CFCE82 /* Products */;
			projectDirPath = "";
			projectRoot = "";
			targets = (
				8F86B2BC2BE3D2A100CFCE82 /* YapayZekaProjeOdevi */,
			);
		};
/* End PBXProject section */

/* Begin PBXSourcesBuildPhase section */
		8F86B2B92BE3D2A100CFCE82 /* Sources */ = {
			isa = PBXSourcesBuildPhase;
			buildActionMask = 2147483647;
			files = (
				8F86B2D02BE3D30D00CFCE82 /* Standart_Search.c in Sources */,
				8F86B2CF2BE3D30D00CFCE82 /* HashTable.c in Sources */,
				8F86B2CE2BE3D30D00CFCE82 /* SpecificToProblem.c in Sources */,
				8F86B2D12BE3D30D00CFCE82 /* GRAPH_SEARCH.c in Sources */,
			);
			runOnlyForDeploymentPostprocessing = 0;
		};
/* End PBXSourcesBuildPhase section */

/* Begin XCBuildConfiguration section */
		8F86B2C22BE3D2A100CFCE82 /* Debug */ = {
			isa = XCBuildConfiguration;
			buildSettings = {
				ALWAYS_SEARCH_USER_PATHS = NO;
				ASSETCATALOG_COMPILER_GENERATE_SWIFT_ASSET_SYMBOL_EXTENSIONS = YES;
				CLANG_ANALYZER_NONNULL = YES;
				CLANG_ANALYZER_NUMBER_OBJECT_CONVERSION = YES_AGGRESSIVE;
				CLANG_CXX_LANGUAGE_STANDARD = "gnu++20";
				CLANG_ENABLE_MODULES = YES;
				CLANG_ENABLE_OBJC_ARC = YES;
				CLANG_ENABLE_OBJC_WEAK = YES;
				CLANG_WARN_BLOCK_CAPTURE_AUTORELEASING = YES;
				CLANG_WARN_BOOL_CONVERSION = YES;
				CLANG_WARN_COMMA = YES;
				CLANG_WARN_CONSTANT_CONVERSION = YES;
				CLANG_WARN_DEPRECATED_OBJC_IMPLEMENTATIONS = YES;
				CLANG_WARN_DIRECT_OBJC_ISA_USAGE = YES_ERROR;
				CLANG_WARN_DOCUMENTATION_COMMENTS = YES;
				CLANG_WARN_EMPTY_BODY = YES;
				CLANG_WARN_ENUM_CONVERSION = YES;
				CLANG_WARN_INFINITE_RECURSION = YES;
				CLANG_WARN_INT_CONVERSION = YES;
				CLANG_WARN_NON_LITERAL_NULL_CONVERSION = YES;
				CLANG_WARN_OBJC_IMPLICIT_RETAIN_SELF = YES;
				CLANG_WARN_OBJC_LITERAL_CONVERSION = YES;
				CLANG_WARN_OBJC_ROOT_CLASS = YES_ERROR;
				CLANG_WARN_QUOTED_INCLUDE_IN_FRAMEWORK_HEADER = YES;
				CLANG_WARN_RANGE_LOOP_ANALYSIS = YES;
				CLANG_WARN_STRICT_PROTOTYPES = YES;
				CLANG_WARN_SUSPICIOUS_MOVE = YES;
				CLANG_WARN_UNGUARDED_AVAILABILITY = YES_AGGRESSIVE;
				CLANG_WARN_UNREACHABLE_CODE = YES;
				CLANG_WARN__DUPLICATE_METHOD_MATCH = YES;
				COPY_PHASE_STRIP = NO;
				DEBUG_INFORMATION_FORMAT = dwarf;
				ENABLE_STRICT_OBJC_MSGSEND = YES;
				ENABLE_TESTABILITY = YES;
				ENABLE_USER_SCRIPT_SANDBOXING = YES;
				GCC_C_LANGUAGE_STANDARD = gnu17;
				GCC_DYNAMIC_NO_PIC = NO;
				GCC_NO_COMMON_BLOCKS = YES;
				GCC_OPTIMIZATION_LEVEL = 0;
				GCC_PREPROCESSOR_DEFINITIONS = (
					"DEBUG=1",
					"$(inherited)",
				);
				GCC_WARN_64_TO_32_BIT_CONVERSION = YES;
				GCC_WARN_ABOUT_RETURN_TYPE = YES_ERROR;
				GCC_WARN_UNDECLARED_SELECTOR = YES;
				GCC_WARN_UNINITIALIZED_AUTOS = YES_AGGRESSIVE;
				GCC_WARN_UNUSED_FUNCTION = YES;
				GCC_WARN_UNUSED_VARIABLE = YES;
				LOCALIZATION_PREFERS_STRING_CATALOGS = YES;
				MACOSX_DEPLOYMENT_TARGET = 14.0;
				MTL_ENABLE_DEBUG_INFO = INCLUDE_SOURCE;
				MTL_FAST_MATH = YES;
				ONLY_ACTIVE_ARCH = YES;
				SDKROOT = macosx;
			};
			name = Debug;
		};
		8F86B2C32BE3D2A100CFCE82 /* Release */ = {
			isa = XCBuildConfiguration;
			buildSettings = {
				ALWAYS_SEARCH_USER_PATHS = NO;
				ASSETCATALOG_COMPILER_GENERATE_SWIFT_ASSET_SYMBOL_EXTENSIONS = YES;
				CLANG_ANALYZER_NONNULL = YES;
				CLANG_ANALYZER_NUMBER_OBJECT_CONVERSION = YES_AGGRESSIVE;
				CLANG_CXX_LANGUAGE_STANDARD = "gnu++20";
				CLANG_ENABLE_MODULES = YES;
				CLANG_ENABLE_OBJC_ARC = YES;
				CLANG_ENABLE_OBJC_WEAK = YES;
				CLANG_WARN_BLOCK_CAPTURE_AUTORELEASING = YES;
				CLANG_WARN_BOOL_CONVERSION = YES;
				CLANG_WARN_COMMA = YES;
				CLANG_WARN_CONSTANT_CONVERSION = YES;
				CLANG_WARN_DEPRECATED_OBJC_IMPLEMENTATIONS = YES;
				CLANG_WARN_DIRECT_OBJC_ISA_USAGE = YES_ERROR;
				CLANG_WARN_DOCUMENTATION_COMMENTS = YES;
				CLANG_WARN_EMPTY_BODY = YES;
				CLANG_WARN_ENUM_CONVERSION = YES;
				CLANG_WARN_INFINITE_RECURSION = YES;
				CLANG_WARN_INT_CONVERSION = YES;
				CLANG_WARN_NON_LITERAL_NULL_CONVERSION = YES;
				CLANG_WARN_OBJC_IMPLICIT_RETAIN_SELF = YES;
				CLANG_WARN_OBJC_LITERAL_CONVERSION = YES;
				CLANG_WARN_OBJC_ROOT_CLASS = YES_ERROR;
				CLANG_WARN_QUOTED_INCLUDE_IN_FRAMEWORK_HEADER = YES;
				CLANG_WARN_RANGE_LOOP_ANALYSIS = YES;
				CLANG_WARN_STRICT_PROTOTYPES = YES;
				CLANG_WARN_SUSPICIOUS_MOVE = YES;
				CLANG_WARN_UNGUARDED_AVAILABILITY = YES_AGGRESSIVE;
				CLANG_WARN_UNREACHABLE_CODE = YES;
				CLANG_WARN__DUPLICATE_METHOD_MATCH = YES;
				COPY_PHASE_STRIP = NO;
				DEBUG_INFORMATION_FORMAT = "dwarf-with-dsym";
				ENABLE_NS_ASSERTIONS = NO;
				ENABLE_STRICT_OBJC_MSGSEND = YES;
				ENABLE_USER_SCRIPT_SANDBOXING = YES;
				GCC_C_LANGUAGE_STANDARD = gnu17;
				GCC_NO_COMMON_BLOCKS = YES;
				GCC_WARN_64_TO_32_BIT_CONVERSION = YES;
				GCC_WARN_ABOUT_RETURN_TYPE = YES_ERROR;
				GCC_WARN_UNDECLARED_SELECTOR = YES;
				GCC_WARN_UNINITIALIZED_AUTOS = YES_AGGRESSIVE;
				GCC_WARN_UNUSED_FUNCTION = YES;
				GCC_WARN_UNUSED_VARIABLE = YES;
				LOCALIZATION_PREFERS_STRING_CATALOGS = YES;
				MACOSX_DEPLOYMENT_TARGET = 14.0;
				MTL_ENABLE_DEBUG_INFO = NO;
				MTL_FAST_MATH = YES;
				SDKROOT = macosx;
			};
			name = Release;
		};
		8F86B2C52BE3D2A100CFCE82 /* Debug */ = {
			isa = XCBuildConfiguration;
			buildSettings = {
				CODE_SIGN_STYLE = Automatic;
				PRODUCT_NAME = "$(TARGET_NAME)";
			};
			name = Debug;
		};
		8F86B2C62BE3D2A100CFCE82 /* Release */ = {
			isa = XCBuildConfiguration;
			buildSettings = {
				CODE_SIGN_STYLE = Automatic;
				PRODUCT_NAME = "$(TARGET_NAME)";
			};
			name = Release;
		};
/* End XCBuildConfiguration section */

/* Begin XCConfigurationList section */
		8F86B2B82BE3D2A100CFCE82 /* Build configuration list for PBXProject "YapayZekaProjeOdevi" */ = {
			isa = XCConfigurationList;
			buildConfigurations = (
				8F86B2C22BE3D2A100CFCE82 /* Debug */,
				8F86B2C32BE3D2A100CFCE82 /* Release */,
			);
			defaultConfigurationIsVisible = 0;
			defaultConfigurationName = Release;
		};
		8F86B2C42BE3D2A100CFCE82 /* Build configuration list for PBXNativeTarget "YapayZekaProjeOdevi" */ = {
			isa = XCConfigurationList;
			buildConfigurations = (
				8F86B2C52BE3D2A100CFCE82 /* Debug */,
				8F86B2C62BE3D2A100CFCE82 /* Release */,
			);
			defaultConfigurationIsVisible = 0;
			defaultConfigurationName = Release;
		};
/* End XCConfigurationList section */
	};
	rootObject = 8F86B2B52BE3D2A100CFCE82 /* Project object */;
}
